
Microsoft Visual Studio Solution File, Format Version 12.00
# Visual Studio 15
VisualStudioVersion = 15.0.27428.2002
MinimumVisualStudioVersion = 10.0.40219.1
Project("{FAE04EC0-301F-11D3-BF4B-00C04F79EFBC}") = "Expressions_and_IQueryable", "Expressions_and_IQueryable\Expressions_and_IQueryable.csproj", "{40796E2E-2785-4F95-A5C8-AA0271F6FF10}"
EndProject
Global
	GlobalSection(SolutionConfigurationPlatforms) = preSolution
		Debug|Any CPU = Debug|Any CPU
		Release|Any CPU = Release|Any CPU
	EndGlobalSection
	GlobalSection(ProjectConfigurationPlatforms) = postSolution
		{40796E2E-2785-4F95-A5C8-AA0271F6FF10}.Debug|Any CPU.ActiveCfg = Debug|Any CPU
		{40796E2E-2785-4F95-A5C8-AA0271F6FF10}.Debug|Any CPU.Build.0 = Debug|Any CPU
		{40796E2E-2785-4F95-A5C8-AA0271F6FF10}.Release|Any CPU.ActiveCfg = Release|Any CPU
		{40796E2E-2785-4F95-A5C8-AA0271F6FF10}.Release|Any CPU.Build.0 = Release|Any CPU
	EndGlobalSection
	GlobalSection(SolutionProperties) = preSolution
		HideSolutionNode = FALSE
	EndGlobalSection
	GlobalSection(ExtensibilityGlobals) = postSolution
		SolutionGuid = {A3300842-F2A4-4111-90F0-AD082F6F3E9A}
	EndGlobalSection
EndGlobal
